# This file was autogenerated by Stack.
# You should not edit this file by hand.
# For more information, please see the documentation at:
#   https://docs.haskellstack.org/en/stable/lock_files

packages:
- completed:
    hackage: data-lens-2.11.1@sha256:e3a9ad286c1c1c936be487f0a448135c5a697c9aad9f522a3e03d655cc698dc4,1268
    pantry-tree:
      size: 606
      sha256: 59744ee28f7f7ee90a1cd2db4d22b82802e6cc1089bc828efb429e3093cd945a
  original:
    hackage: data-lens-2.11.1
- completed:
    hackage: data-lens-template-2.2@sha256:08382f5eb104e1913b8341b3fcd6a987f451d276d081711bead28529c2fc73d2,974
    pantry-tree:
      size: 224
      sha256: df3828f2e8261cb29ce77695be4328f4f369ee46f491943385f010cc1378f1c4
  original:
    hackage: data-lens-template-2.2
snapshots:
- completed:
    size: 524789
    url: https://raw.githubusercontent.com/commercialhaskell/stackage-snapshots/master/lts/14/8.yaml
    sha256: 8af5eb80734f02621d37e82cc0cde614af2ddc9c320610acb0b1b6d9ac162930
  original: lts-14.8
